
Microsoft Visual Studio Solution File, Format Version 12.00
# Visual Studio Version 17
VisualStudioVersion = 17.7.34202.233
MinimumVisualStudioVersion = 10.0.40219.1
Project("{FAE04EC0-301F-11D3-BF4B-00C04F79EFBC}") = "SelfHealing", "SelfHealing\SelfHealing.csproj", "{FE8F3F2D-C230-421B-96FF-78387815C81A}"
EndProject
Global
	GlobalSection(SolutionConfigurationPlatforms) = preSolution
		Debug|Any CPU = Debug|Any CPU
		Release|Any CPU = Release|Any CPU
	EndGlobalSection
	GlobalSection(ProjectConfigurationPlatforms) = postSolution
		{FE8F3F2D-C230-421B-96FF-78387815C81A}.Debug|Any CPU.ActiveCfg = Debug|Any CPU
		{FE8F3F2D-C230-421B-96FF-78387815C81A}.Debug|Any CPU.Build.0 = Debug|Any CPU
		{FE8F3F2D-C230-421B-96FF-78387815C81A}.Release|Any CPU.ActiveCfg = Release|Any CPU
		{FE8F3F2D-C230-421B-96FF-78387815C81A}.Release|Any CPU.Build.0 = Release|Any CPU
	EndGlobalSection
	GlobalSection(SolutionProperties) = preSolution
		HideSolutionNode = FALSE
	EndGlobalSection
	GlobalSection(ExtensibilityGlobals) = postSolution
		SolutionGuid = {14B2204E-C2F4-4E58-8692-47CA9A68BB45}
	EndGlobalSection
EndGlobal
